
Microsoft Visual Studio Solution File, Format Version 12.00
# Visual Studio Version 16
VisualStudioVersion = 16.0.31729.503
MinimumVisualStudioVersion = 10.0.40219.1
Project("{FAE04EC0-301F-11D3-BF4B-00C04F79EFBC}") = "CatFeeder", "CatFeeder\CatFeeder.csproj", "{F496C970-1345-4A65-BE8B-950B9045CF6E}"
EndProject
Global
	GlobalSection(SolutionConfigurationPlatforms) = preSolution
		Debug|Any CPU = Debug|Any CPU
		Release|Any CPU = Release|Any CPU
	EndGlobalSection
	GlobalSection(ProjectConfigurationPlatforms) = postSolution
		{F496C970-1345-4A65-BE8B-950B9045CF6E}.Debug|Any CPU.ActiveCfg = Debug|Any CPU
		{F496C970-1345-4A65-BE8B-950B9045CF6E}.Debug|Any CPU.Build.0 = Debug|Any CPU
		{F496C970-1345-4A65-BE8B-950B9045CF6E}.Release|Any CPU.ActiveCfg = Release|Any CPU
		{F496C970-1345-4A65-BE8B-950B9045CF6E}.Release|Any CPU.Build.0 = Release|Any CPU
	EndGlobalSection
	GlobalSection(SolutionProperties) = preSolution
		HideSolutionNode = FALSE
	EndGlobalSection
	GlobalSection(ExtensibilityGlobals) = postSolution
		SolutionGuid = {E9FBDFED-DD4C-4442-A786-440DAB32A487}
	EndGlobalSection
EndGlobal
